{
  "name": "cali-narst",
  "lockfileVersion": 3,
  "requires": true,
  "packages": {
    "": {
      "dependencies": {
        "frappe-charts": "^1.6.2"
      }
    },
    "node_modules/frappe-charts": {
      "version": "1.6.2",
      "resolved": "https://registry.npmjs.org/frappe-charts/-/frappe-charts-1.6.2.tgz",
      "integrity": "sha512-9TC3/+YVUi84yYoEbxFiSqu+1FQ5If/ydUNj6i8FRpwynd08t6a7RkS+IRJozAk6NfdL8/LVTTE1DUOjjKZZxg==",
      "license": "MIT"
    }
  }
}
